// !$*UTF8*$!
{
	archiveVersion = 1;
	classes = {
	};
	objectVersion = 50;
	objects = {

/* Begin PBXBuildFile section */
		EEBF98EF239FAF4A003294E4 /* AppDelegate.swift in Sources */ = {isa = PBXBuildFile; fileRef = EEBF98EE239FAF4A003294E4 /* AppDelegate.swift */; };
		EEBF98F1239FAF4A003294E4 /* SceneDelegate.swift in Sources */ = {isa = PBXBuildFile; fileRef = EEBF98F0239FAF4A003294E4 /* SceneDelegate.swift */; };
		EEBF98F3239FAF4A003294E4 /* ViewController.swift in Sources */ = {isa = PBXBuildFile; fileRef = EEBF98F2239FAF4A003294E4 /* ViewController.swift */; };
		EEBF98F6239FAF4A003294E4 /* Main.storyboard in Resources */ = {isa = PBXBuildFile; fileRef = EEBF98F4239FAF4A003294E4 /* Main.storyboard */; };
		EEBF98F9239FAF4A003294E4 /* ProjectHackLifeFinal.xcdatamodeld in Sources */ = {isa = PBXBuildFile; fileRef = EEBF98F7239FAF4A003294E4 /* ProjectHackLifeFinal.xcdatamodeld */; };
		EEBF98FB239FAF4C003294E4 /* Assets.xcassets in Resources */ = {isa = PBXBuildFile; fileRef = EEBF98FA239FAF4C003294E4 /* Assets.xcassets */; };
		EEBF98FE239FAF4C003294E4 /* LaunchScreen.storyboard in Resources */ = {isa = PBXBuildFile; fileRef = EEBF98FC239FAF4C003294E4 /* LaunchScreen.storyboard */; };
/* End PBXBuildFile section */

/* Begin PBXFileReference section */
		EEBF98EB239FAF4A003294E4 /* ProjectHackLifeFinal.app */ = {isa = PBXFileReference; explicitFileType = wrapper.application; includeInIndex = 0; path = ProjectHackLifeFinal.app; sourceTree = BUILT_PRODUCTS_DIR; };
		EEBF98EE239FAF4A003294E4 /* AppDelegate.swift */ = {isa = PBXFileReference; lastKnownFileType = sourcecode.swift; path = AppDelegate.swift; sourceTree = "<group>"; };
		EEBF98F0239FAF4A003294E4 /* SceneDelegate.swift */ = {isa = PBXFileReference; lastKnownFileType = sourcecode.swift; path = SceneDelegate.swift; sourceTree = "<group>"; };
		EEBF98F2239FAF4A003294E4 /* ViewController.swift */ = {isa = PBXFileReference; lastKnownFileType = sourcecode.swift; path = ViewController.swift; sourceTree = "<group>"; };
		EEBF98F5239FAF4A003294E4 /* Base */ = {isa = PBXFileReference; lastKnownFileType = file.storyboard; name = Base; path = Base.lproj/Main.storyboard; sourceTree = "<group>"; };
		EEBF98F8239FAF4A003294E4 /* ProjectHackLifeFinal.xcdatamodel */ = {isa = PBXFileReference; lastKnownFileType = wrapper.xcdatamodel; path = ProjectHackLifeFinal.xcdatamodel; sourceTree = "<group>"; };
		EEBF98FA239FAF4C003294E4 /* Assets.xcassets */ = {isa = PBXFileReference; lastKnownFileType = folder.assetcatalog; path = Assets.xcassets; sourceTree = "<group>"; };
		EEBF98FD239FAF4C003294E4 /* Base */ = {isa = PBXFileReference; lastKnownFileType = file.storyboard; name = Base; path = Base.lproj/LaunchScreen.storyboard; sourceTree = "<group>"; };
		EEBF98FF239FAF4C003294E4 /* Info.plist */ = {isa = PBXFileReference; lastKnownFileType = text.plist.xml; path = Info.plist; sourceTree = "<group>"; };
/* End PBXFileReference section */

/* Begin PBXFrameworksBuildPhase section */
		EEBF98E8239FAF4A003294E4 /* Frameworks */ = {
			isa = PBXFrameworksBuildPhase;
			buildActionMask = 2147483647;
			files = (
			);
			runOnlyForDeploymentPostprocessing = 0;
		};
/* End PBXFrameworksBuildPhase section */

/* Begin PBXGroup section */
		EEBF98E2239FAF4A003294E4 = {
			isa = PBXGroup;
			children = (
				EEBF98ED239FAF4A003294E4 /* ProjectHackLifeFinal */,
				EEBF98EC239FAF4A003294E4 /* Products */,
			);
			sourceTree = "<group>";
		};
		EEBF98EC239FAF4A003294E4 /* Products */ = {
			isa = PBXGroup;
			children = (
				EEBF98EB239FAF4A003294E4 /* ProjectHackLifeFinal.app */,
			);
			name = Products;
			sourceTree = "<group>";
		};
		EEBF98ED239FAF4A003294E4 /* ProjectHackLifeFinal */ = {
			isa = PBXGroup;
			children = (
				EEBF98EE239FAF4A003294E4 /* AppDelegate.swift */,
				EEBF98F0239FAF4A003294E4 /* SceneDelegate.swift */,
				EEBF98F2239FAF4A003294E4 /* ViewController.swift */,
				EEBF98F4239FAF4A003294E4 /* Main.storyboard */,
				EEBF98FA239FAF4C003294E4 /* Assets.xcassets */,
				EEBF98FC239FAF4C003294E4 /* LaunchScreen.storyboard */,
				EEBF98FF239FAF4C003294E4 /* Info.plist */,
				EEBF98F7239FAF4A003294E4 /* ProjectHackLifeFinal.xcdatamodeld */,
			);
			path = ProjectHackLifeFinal;
			sourceTree = "<group>";
		};
/* End PBXGroup section */

/* Begin PBXNativeTarget section */
		EEBF98EA239FAF4A003294E4 /* ProjectHackLifeFinal */ = {
			isa = PBXNativeTarget;
			buildConfigurationList = EEBF9902239FAF4C003294E4 /* Build configuration list for PBXNativeTarget "ProjectHackLifeFinal" */;
			buildPhases = (
				EEBF98E7239FAF4A003294E4 /* Sources */,
				EEBF98E8239FAF4A003294E4 /* Frameworks */,
				EEBF98E9239FAF4A003294E4 /* Resources */,
			);
			buildRules = (
			);
			dependencies = (
			);
			name = ProjectHackLifeFinal;
			productName = ProjectHackLifeFinal;
			productReference = EEBF98EB239FAF4A003294E4 /* ProjectHackLifeFinal.app */;
			productType = "com.apple.product-type.application";
		};
/* End PBXNativeTarget section */

/* Begin PBXProject section */
		EEBF98E3239FAF4A003294E4 /* Project object */ = {
			isa = PBXProject;
			attributes = {
				LastSwiftUpdateCheck = 1120;
				LastUpgradeCheck = 1120;
				ORGANIZATIONNAME = "THE WINDOW SPECIALISTS";
				TargetAttributes = {
					EEBF98EA239FAF4A003294E4 = {
						CreatedOnToolsVersion = 11.2.1;
					};
				};
			};
			buildConfigurationList = EEBF98E6239FAF4A003294E4 /* Build configuration list for PBXProject "ProjectHackLifeFinal" */;
			compatibilityVersion = "Xcode 9.3";
			developmentRegion = en;
			hasScannedForEncodings = 0;
			knownRegions = (
				en,
				Base,
			);
			mainGroup = EEBF98E2239FAF4A003294E4;
			productRefGroup = EEBF98EC239FAF4A003294E4 /* Products */;
			projectDirPath = "";
			projectRoot = "";
			targets = (
				EEBF98EA239FAF4A003294E4 /* ProjectHackLifeFinal */,
			);
		};
/* End PBXProject section */

/* Begin PBXResourcesBuildPhase section */
		EEBF98E9239FAF4A003294E4 /* Resources */ = {
			isa = PBXResourcesBuildPhase;
			buildActionMask = 2147483647;
			files = (
				EEBF98FE239FAF4C003294E4 /* LaunchScreen.storyboard in Resources */,
				EEBF98FB239FAF4C003294E4 /* Assets.xcassets in Resources */,
				EEBF98F6239FAF4A003294E4 /* Main.storyboard in Resources */,
			);
			runOnlyForDeploymentPostprocessing = 0;
		};
/* End PBXResourcesBuildPhase section */

/* Begin PBXSourcesBuildPhase section */
		EEBF98E7239FAF4A003294E4 /* Sources */ = {
			isa = PBXSourcesBuildPhase;
			buildActionMask = 2147483647;
			files = (
				EEBF98F3239FAF4A003294E4 /* ViewController.swift in Sources */,
				EEBF98EF239FAF4A003294E4 /* AppDelegate.swift in Sources */,
				EEBF98F1239FAF4A003294E4 /* SceneDelegate.swift in Sources */,
				EEBF98F9239FAF4A003294E4 /* ProjectHackLifeFinal.xcdatamodeld in Sources */,
			);
			runOnlyForDeploymentPostprocessing = 0;
		};
/* End PBXSourcesBuildPhase section */

/* Begin PBXVariantGroup section */
		EEBF98F4239FAF4A003294E4 /* Main.storyboard */ = {
			isa = PBXVariantGroup;
			children = (
				EEBF98F5239FAF4A003294E4 /* Base */,
			);
			name = Main.storyboard;
			sourceTree = "<group>";
		};
		EEBF98FC239FAF4C003294E4 /* LaunchScreen.storyboard */ = {
			isa = PBXVariantGroup;
			children = (
				EEBF98FD239FAF4C003294E4 /* Base */,
			);
			name = LaunchScreen.storyboard;
			sourceTree = "<group>";
		};
/* End PBXVariantGroup section */

/* Begin XCBuildConfiguration section */
		EEBF9900239FAF4C003294E4 /* Debug */ = {
			isa = XCBuildConfiguration;
			buildSettings = {
				ALWAYS_SEARCH_USER_PATHS = NO;
				CLANG_ANALYZER_NONNULL = YES;
				CLANG_ANALYZER_NUMBER_OBJECT_CONVERSION = YES_AGGRESSIVE;
				CLANG_CXX_LANGUAGE_STANDARD = "gnu++14";
				CLANG_CXX_LIBRARY = "libc++";
				CLANG_ENABLE_MODULES = YES;
				CLANG_ENABLE_OBJC_ARC = YES;
				CLANG_ENABLE_OBJC_WEAK = YES;
				CLANG_WARN_BLOCK_CAPTURE_AUTORELEASING = YES;
				CLANG_WARN_BOOL_CONVERSION = YES;
				CLANG_WARN_COMMA = YES;
				CLANG_WARN_CONSTANT_CONVERSION = YES;
				CLANG_WARN_DEPRECATED_OBJC_IMPLEMENTATIONS = YES;
				CLANG_WARN_DIRECT_OBJC_ISA_USAGE = YES_ERROR;
				CLANG_WARN_DOCUMENTATION_COMMENTS = YES;
				CLANG_WARN_EMPTY_BODY = YES;
				CLANG_WARN_ENUM_CONVERSION = YES;
				CLANG_WARN_INFINITE_RECURSION = YES;
				CLANG_WARN_INT_CONVERSION = YES;
				CLANG_WARN_NON_LITERAL_NULL_CONVERSION = YES;
				CLANG_WARN_OBJC_IMPLICIT_RETAIN_SELF = YES;
				CLANG_WARN_OBJC_LITERAL_CONVERSION = YES;
				CLANG_WARN_OBJC_ROOT_CLASS = YES_ERROR;
				CLANG_WARN_RANGE_LOOP_ANALYSIS = YES;
				CLANG_WARN_STRICT_PROTOTYPES = YES;
				CLANG_WARN_SUSPICIOUS_MOVE = YES;
				CLANG_WARN_UNGUARDED_AVAILABILITY = YES_AGGRESSIVE;
				CLANG_WARN_UNREACHABLE_CODE = YES;
				CLANG_WARN__DUPLICATE_METHOD_MATCH = YES;
				COPY_PHASE_STRIP = NO;
				DEBUG_INFORMATION_FORMAT = dwarf;
				ENABLE_STRICT_OBJC_MSGSEND = YES;
				ENABLE_TESTABILITY = YES;
				GCC_C_LANGUAGE_STANDARD = gnu11;
				GCC_DYNAMIC_NO_PIC = NO;
				GCC_NO_COMMON_BLOCKS = YES;
				GCC_OPTIMIZATION_LEVEL = 0;
				GCC_PREPROCESSOR_DEFINITIONS = (
					"DEBUG=1",
					"$(inherited)",
				);
				GCC_WARN_64_TO_32_BIT_CONVERSION = YES;
				GCC_WARN_ABOUT_RETURN_TYPE = YES_ERROR;
				GCC_WARN_UNDECLARED_SELECTOR = YES;
				GCC_WARN_UNINITIALIZED_AUTOS = YES_AGGRESSIVE;
				GCC_WARN_UNUSED_FUNCTION = YES;
				GCC_WARN_UNUSED_VARIABLE = YES;
				IPHONEOS_DEPLOYMENT_TARGET = 13.2;
				MTL_ENABLE_DEBUG_INFO = INCLUDE_SOURCE;
				MTL_FAST_MATH = YES;
				ONLY_ACTIVE_ARCH = YES;
				SDKROOT = iphoneos;
				SWIFT_ACTIVE_COMPILATION_CONDITIONS = DEBUG;
				SWIFT_OPTIMIZATION_LEVEL = "-Onone";
			};
			name = Debug;
		};
		EEBF9901239FAF4C003294E4 /* Release */ = {
			isa = XCBuildConfiguration;
			buildSettings = {
				ALWAYS_SEARCH_USER_PATHS = NO;
				CLANG_ANALYZER_NONNULL = YES;
				CLANG_ANALYZER_NUMBER_OBJECT_CONVERSION = YES_AGGRESSIVE;
				CLANG_CXX_LANGUAGE_STANDARD = "gnu++14";
				CLANG_CXX_LIBRARY = "libc++";
				CLANG_ENABLE_MODULES = YES;
				CLANG_ENABLE_OBJC_ARC = YES;
				CLANG_ENABLE_OBJC_WEAK = YES;
				CLANG_WARN_BLOCK_CAPTURE_AUTORELEASING = YES;
				CLANG_WARN_BOOL_CONVERSION = YES;
				CLANG_WARN_COMMA = YES;
				CLANG_WARN_CONSTANT_CONVERSION = YES;
				CLANG_WARN_DEPRECATED_OBJC_IMPLEMENTATIONS = YES;
				CLANG_WARN_DIRECT_OBJC_ISA_USAGE = YES_ERROR;
				CLANG_WARN_DOCUMENTATION_COMMENTS = YES;
				CLANG_WARN_EMPTY_BODY = YES;
				CLANG_WARN_ENUM_CONVERSION = YES;
				CLANG_WARN_INFINITE_RECURSION = YES;
				CLANG_WARN_INT_CONVERSION = YES;
				CLANG_WARN_NON_LITERAL_NULL_CONVERSION = YES;
				CLANG_WARN_OBJC_IMPLICIT_RETAIN_SELF = YES;
				CLANG_WARN_OBJC_LITERAL_CONVERSION = YES;
				CLANG_WARN_OBJC_ROOT_CLASS = YES_ERROR;
				CLANG_WARN_RANGE_LOOP_ANALYSIS = YES;
				CLANG_WARN_STRICT_PROTOTYPES = YES;
				CLANG_WARN_SUSPICIOUS_MOVE = YES;
				CLANG_WARN_UNGUARDED_AVAILABILITY = YES_AGGRESSIVE;
				CLANG_WARN_UNREACHABLE_CODE = YES;
				CLANG_WARN__DUPLICATE_METHOD_MATCH = YES;
				COPY_PHASE_STRIP = NO;
				DEBUG_INFORMATION_FORMAT = "dwarf-with-dsym";
				ENABLE_NS_ASSERTIONS = NO;
				ENABLE_STRICT_OBJC_MSGSEND = YES;
				GCC_C_LANGUAGE_STANDARD = gnu11;
				GCC_NO_COMMON_BLOCKS = YES;
				GCC_WARN_64_TO_32_BIT_CONVERSION = YES;
				GCC_WARN_ABOUT_RETURN_TYPE = YES_ERROR;
				GCC_WARN_UNDECLARED_SELECTOR = YES;
				GCC_WARN_UNINITIALIZED_AUTOS = YES_AGGRESSIVE;
				GCC_WARN_UNUSED_FUNCTION = YES;
				GCC_WARN_UNUSED_VARIABLE = YES;
				IPHONEOS_DEPLOYMENT_TARGET = 13.2;
				MTL_ENABLE_DEBUG_INFO = NO;
				MTL_FAST_MATH = YES;
				SDKROOT = iphoneos;
				SWIFT_COMPILATION_MODE = wholemodule;
				SWIFT_OPTIMIZATION_LEVEL = "-O";
				VALIDATE_PRODUCT = YES;
			};
			name = Release;
		};
		EEBF9903239FAF4C003294E4 /* Debug */ = {
			isa = XCBuildConfiguration;
			buildSettings = {
				ASSETCATALOG_COMPILER_APPICON_NAME = AppIcon;
				CODE_SIGN_STYLE = Automatic;
				DEVELOPMENT_TEAM = P4DW2BJNN4;
				INFOPLIST_FILE = ProjectHackLifeFinal/Info.plist;
				LD_RUNPATH_SEARCH_PATHS = (
					"$(inherited)",
					"@executable_path/Frameworks",
				);
				PRODUCT_BUNDLE_IDENTIFIER = HackLifeProjectFinal.ProjectHackLifeFinal;
				PRODUCT_NAME = "$(TARGET_NAME)";
				SWIFT_VERSION = 5.0;
				TARGETED_DEVICE_FAMILY = "1,2";
			};
			name = Debug;
		};
		EEBF9904239FAF4C003294E4 /* Release */ = {
			isa = XCBuildConfiguration;
			buildSettings = {
				ASSETCATALOG_COMPILER_APPICON_NAME = AppIcon;
				CODE_SIGN_STYLE = Automatic;
				DEVELOPMENT_TEAM = P4DW2BJNN4;
				INFOPLIST_FILE = ProjectHackLifeFinal/Info.plist;
				LD_RUNPATH_SEARCH_PATHS = (
					"$(inherited)",
					"@executable_path/Frameworks",
				);
				PRODUCT_BUNDLE_IDENTIFIER = HackLifeProjectFinal.ProjectHackLifeFinal;
				PRODUCT_NAME = "$(TARGET_NAME)";
				SWIFT_VERSION = 5.0;
				TARGETED_DEVICE_FAMILY = "1,2";
			};
			name = Release;
		};
/* End XCBuildConfiguration section */

/* Begin XCConfigurationList section */
		EEBF98E6239FAF4A003294E4 /* Build configuration list for PBXProject "ProjectHackLifeFinal" */ = {
			isa = XCConfigurationList;
			buildConfigurations = (
				EEBF9900239FAF4C003294E4 /* Debug */,
				EEBF9901239FAF4C003294E4 /* Release */,
			);
			defaultConfigurationIsVisible = 0;
			defaultConfigurationName = Release;
		};
		EEBF9902239FAF4C003294E4 /* Build configuration list for PBXNativeTarget "ProjectHackLifeFinal" */ = {
			isa = XCConfigurationList;
			buildConfigurations = (
				EEBF9903239FAF4C003294E4 /* Debug */,
				EEBF9904239FAF4C003294E4 /* Release */,
			);
			defaultConfigurationIsVisible = 0;
			defaultConfigurationName = Release;
		};
/* End XCConfigurationList section */

/* Begin XCVersionGroup section */
		EEBF98F7239FAF4A003294E4 /* ProjectHackLifeFinal.xcdatamodeld */ = {
			isa = XCVersionGroup;
			children = (
				EEBF98F8239FAF4A003294E4 /* ProjectHackLifeFinal.xcdatamodel */,
			);
			currentVersion = EEBF98F8239FAF4A003294E4 /* ProjectHackLifeFinal.xcdatamodel */;
			path = ProjectHackLifeFinal.xcdatamodeld;
			sourceTree = "<group>";
			versionGroupType = wrapper.xcdatamodel;
		};
/* End XCVersionGroup section */
	};
	rootObject = EEBF98E3239FAF4A003294E4 /* Project object */;
}
